// !$*UTF8*$!
{
	archiveVersion = 1;
	classes = {
	};
	objectVersion = 77;
	objects = {

/* Begin PBXBuildFile section */
		249954DB2E585A780027BDF8 /* SDWebImage in Frameworks */ = {isa = PBXBuildFile; productRef = 249954DA2E585A780027BDF8 /* SDWebImage */; };
		249954DD2E585A7A0027BDF8 /* SDWebImageSwiftUI in Frameworks */ = {isa = PBXBuildFile; productRef = 249954DC2E585A7A0027BDF8 /* SDWebImageSwiftUI */; };
		249954E02E5875860027BDF8 /* UIImageColors in Frameworks */ = {isa = PBXBuildFile; productRef = 249954DF2E5875860027BDF8 /* UIImageColors */; };
		24D005EB2E4F38D700D7CE25 /* JellyfinMiniPlayer.entitlements in Sources */ = {isa = PBXBuildFile; fileRef = 24D005EA2E4F38D200D7CE25 /* JellyfinMiniPlayer.entitlements */; };
		24FC8BDA2E7497E000E203CD /* FeedKit in Frameworks */ = {isa = PBXBuildFile; productRef = 24FC8BD92E7497E000E203CD /* FeedKit */; };
		24FC8BDC2E7497E000E203CD /* XMLKit in Frameworks */ = {isa = PBXBuildFile; productRef = 24FC8BDB2E7497E000E203CD /* XMLKit */; };
		24FC8BEA2E74AF0C00E203CD /* YouTubePlayerKit in Frameworks */ = {isa = PBXBuildFile; productRef = 24FC8BE92E74AF0C00E203CD /* YouTubePlayerKit */; };
/* End PBXBuildFile section */

/* Begin PBXContainerItemProxy section */
		24C48D842E4E38BA00C8AA8D /* PBXContainerItemProxy */ = {
			isa = PBXContainerItemProxy;
			containerPortal = 24C48D6E2E4E38B800C8AA8D /* Project object */;
			proxyType = 1;
			remoteGlobalIDString = 24C48D752E4E38B800C8AA8D;
			remoteInfo = JellyfinMiniPlayer;
		};
		24C48D8E2E4E38BA00C8AA8D /* PBXContainerItemProxy */ = {
			isa = PBXContainerItemProxy;
			containerPortal = 24C48D6E2E4E38B800C8AA8D /* Project object */;
			proxyType = 1;
			remoteGlobalIDString = 24C48D752E4E38B800C8AA8D;
			remoteInfo = JellyfinMiniPlayer;
		};
/* End PBXContainerItemProxy section */

/* Begin PBXCopyFilesBuildPhase section */
		24C48DC22E4E4BAE00C8AA8D /* Embed Foundation Extensions */ = {
			isa = PBXCopyFilesBuildPhase;
			buildActionMask = 2147483647;
			dstPath = "";
			dstSubfolderSpec = 13;
			files = (
			);
			name = "Embed Foundation Extensions";
			runOnlyForDeploymentPostprocessing = 0;
		};
		24E4DF6D2E55C33300404A08 /* Embed Watch Content */ = {
			isa = PBXCopyFilesBuildPhase;
			buildActionMask = 2147483647;
			dstPath = "$(CONTENTS_FOLDER_PATH)/Watch";
			dstSubfolderSpec = 16;
			files = (
			);
			name = "Embed Watch Content";
			runOnlyForDeploymentPostprocessing = 0;
		};
/* End PBXCopyFilesBuildPhase section */

/* Begin PBXFileReference section */
		24C48D762E4E38B800C8AA8D /* JellyMuse.app */ = {isa = PBXFileReference; explicitFileType = wrapper.application; includeInIndex = 0; path = JellyMuse.app; sourceTree = BUILT_PRODUCTS_DIR; };
		24C48D832E4E38BA00C8AA8D /* JellyMuseTests.xctest */ = {isa = PBXFileReference; explicitFileType = wrapper.cfbundle; includeInIndex = 0; path = JellyMuseTests.xctest; sourceTree = BUILT_PRODUCTS_DIR; };
		24C48D8D2E4E38BA00C8AA8D /* JellyMuseUITests.xctest */ = {isa = PBXFileReference; explicitFileType = wrapper.cfbundle; includeInIndex = 0; path = JellyMuseUITests.xctest; sourceTree = BUILT_PRODUCTS_DIR; };
		24D005EA2E4F38D200D7CE25 /* JellyfinMiniPlayer.entitlements */ = {isa = PBXFileReference; lastKnownFileType = text.plist.entitlements; path = JellyfinMiniPlayer.entitlements; sourceTree = "<group>"; };
/* End PBXFileReference section */

/* Begin PBXFileSystemSynchronizedBuildFileExceptionSet section */
		240504ED2E52076500732B28 /* Exceptions for "JellyfinMiniPlayer" folder in "JellyMuse" target */ = {
			isa = PBXFileSystemSynchronizedBuildFileExceptionSet;
			membershipExceptions = (
				Info.plist,
			);
			target = 24C48D752E4E38B800C8AA8D /* JellyMuse */;
		};
/* End PBXFileSystemSynchronizedBuildFileExceptionSet section */

/* Begin PBXFileSystemSynchronizedRootGroup section */
		240504982E52068F00732B28 /* Category Views */ = {
			isa = PBXFileSystemSynchronizedRootGroup;
			path = "Category Views";
			sourceTree = "<group>";
		};
		2405049D2E52075F00732B28 /* Now Playing View */ = {
			isa = PBXFileSystemSynchronizedRootGroup;
			path = "Now Playing View";
			sourceTree = "<group>";
		};
		240504DA2E52076500732B28 /* JellyfinMiniPlayer */ = {
			isa = PBXFileSystemSynchronizedRootGroup;
			exceptions = (
				240504ED2E52076500732B28 /* Exceptions for "JellyfinMiniPlayer" folder in "JellyMuse" target */,
			);
			path = JellyfinMiniPlayer;
			sourceTree = "<group>";
		};
		240504EE2E524E4D00732B28 /* Main Menu */ = {
			isa = PBXFileSystemSynchronizedRootGroup;
			path = "Main Menu";
			sourceTree = "<group>";
		};
		247C7EA52E674E2300903872 /* Downloads Views */ = {
			isa = PBXFileSystemSynchronizedRootGroup;
			path = "Downloads Views";
			sourceTree = "<group>";
		};
/* End PBXFileSystemSynchronizedRootGroup section */

/* Begin PBXFrameworksBuildPhase section */
		24C48D732E4E38B800C8AA8D /* Frameworks */ = {
			isa = PBXFrameworksBuildPhase;
			buildActionMask = 2147483647;
			files = (
				24FC8BDC2E7497E000E203CD /* XMLKit in Frameworks */,
				249954E02E5875860027BDF8 /* UIImageColors in Frameworks */,
				24FC8BEA2E74AF0C00E203CD /* YouTubePlayerKit in Frameworks */,
				249954DD2E585A7A0027BDF8 /* SDWebImageSwiftUI in Frameworks */,
				249954DB2E585A780027BDF8 /* SDWebImage in Frameworks */,
				24FC8BDA2E7497E000E203CD /* FeedKit in Frameworks */,
			);
			runOnlyForDeploymentPostprocessing = 0;
		};
		24C48D802E4E38BA00C8AA8D /* Frameworks */ = {
			isa = PBXFrameworksBuildPhase;
			buildActionMask = 2147483647;
			files = (
			);
			runOnlyForDeploymentPostprocessing = 0;
		};
		24C48D8A2E4E38BA00C8AA8D /* Frameworks */ = {
			isa = PBXFrameworksBuildPhase;
			buildActionMask = 2147483647;
			files = (
			);
			runOnlyForDeploymentPostprocessing = 0;
		};
/* End PBXFrameworksBuildPhase section */

/* Begin PBXGroup section */
		245AE4AE2E4E6F9C00E14FCE /* Frameworks */ = {
			isa = PBXGroup;
			children = (
			);
			name = Frameworks;
			sourceTree = "<group>";
		};
		24C48D6D2E4E38B800C8AA8D = {
			isa = PBXGroup;
			children = (
				240504EE2E524E4D00732B28 /* Main Menu */,
				240504982E52068F00732B28 /* Category Views */,
				24D005EA2E4F38D200D7CE25 /* JellyfinMiniPlayer.entitlements */,
				247C7EA52E674E2300903872 /* Downloads Views */,
				240504DA2E52076500732B28 /* JellyfinMiniPlayer */,
				2405049D2E52075F00732B28 /* Now Playing View */,
				245AE4AE2E4E6F9C00E14FCE /* Frameworks */,
				24C48D772E4E38B800C8AA8D /* Products */,
			);
			sourceTree = "<group>";
		};
		24C48D772E4E38B800C8AA8D /* Products */ = {
			isa = PBXGroup;
			children = (
				24C48D762E4E38B800C8AA8D /* JellyMuse.app */,
				24C48D832E4E38BA00C8AA8D /* JellyMuseTests.xctest */,
				24C48D8D2E4E38BA00C8AA8D /* JellyMuseUITests.xctest */,
			);
			name = Products;
			sourceTree = "<group>";
		};
/* End PBXGroup section */

/* Begin PBXNativeTarget section */
		24C48D752E4E38B800C8AA8D /* JellyMuse */ = {
			isa = PBXNativeTarget;
			buildConfigurationList = 24C48D972E4E38BB00C8AA8D /* Build configuration list for PBXNativeTarget "JellyMuse" */;
			buildPhases = (
				24C48D722E4E38B800C8AA8D /* Sources */,
				24C48D732E4E38B800C8AA8D /* Frameworks */,
				24C48D742E4E38B800C8AA8D /* Resources */,
				24C48DC22E4E4BAE00C8AA8D /* Embed Foundation Extensions */,
				24E4DF6D2E55C33300404A08 /* Embed Watch Content */,
			);
			buildRules = (
			);
			dependencies = (
			);
			fileSystemSynchronizedGroups = (
				240504982E52068F00732B28 /* Category Views */,
				2405049D2E52075F00732B28 /* Now Playing View */,
				240504DA2E52076500732B28 /* JellyfinMiniPlayer */,
				240504EE2E524E4D00732B28 /* Main Menu */,
				247C7EA52E674E2300903872 /* Downloads Views */,
			);
			name = JellyMuse;
			packageProductDependencies = (
				249954DA2E585A780027BDF8 /* SDWebImage */,
				249954DC2E585A7A0027BDF8 /* SDWebImageSwiftUI */,
				249954DF2E5875860027BDF8 /* UIImageColors */,
				24FC8BD92E7497E000E203CD /* FeedKit */,
				24FC8BDB2E7497E000E203CD /* XMLKit */,
				24FC8BE92E74AF0C00E203CD /* YouTubePlayerKit */,
			);
			productName = JellyfinMiniPlayer;
			productReference = 24C48D762E4E38B800C8AA8D /* JellyMuse.app */;
			productType = "com.apple.product-type.application";
		};
		24C48D822E4E38BA00C8AA8D /* JellyMuseTests */ = {
			isa = PBXNativeTarget;
			buildConfigurationList = 24C48D9A2E4E38BB00C8AA8D /* Build configuration list for PBXNativeTarget "JellyMuseTests" */;
			buildPhases = (
				24C48D7F2E4E38BA00C8AA8D /* Sources */,
				24C48D802E4E38BA00C8AA8D /* Frameworks */,
				24C48D812E4E38BA00C8AA8D /* Resources */,
			);
			buildRules = (
			);
			dependencies = (
				24C48D852E4E38BA00C8AA8D /* PBXTargetDependency */,
			);
			name = JellyMuseTests;
			packageProductDependencies = (
			);
			productName = JellyfinMiniPlayerTests;
			productReference = 24C48D832E4E38BA00C8AA8D /* JellyMuseTests.xctest */;
			productType = "com.apple.product-type.bundle.unit-test";
		};
		24C48D8C2E4E38BA00C8AA8D /* JellyMuseUITests */ = {
			isa = PBXNativeTarget;
			buildConfigurationList = 24C48D9D2E4E38BB00C8AA8D /* Build configuration list for PBXNativeTarget "JellyMuseUITests" */;
			buildPhases = (
				24C48D892E4E38BA00C8AA8D /* Sources */,
				24C48D8A2E4E38BA00C8AA8D /* Frameworks */,
				24C48D8B2E4E38BA00C8AA8D /* Resources */,
			);
			buildRules = (
			);
			dependencies = (
				24C48D8F2E4E38BA00C8AA8D /* PBXTargetDependency */,
			);
			name = JellyMuseUITests;
			packageProductDependencies = (
			);
			productName = JellyfinMiniPlayerUITests;
			productReference = 24C48D8D2E4E38BA00C8AA8D /* JellyMuseUITests.xctest */;
			productType = "com.apple.product-type.bundle.ui-testing";
		};
/* End PBXNativeTarget section */

/* Begin PBXProject section */
		24C48D6E2E4E38B800C8AA8D /* Project object */ = {
			isa = PBXProject;
			attributes = {
				BuildIndependentTargetsInParallel = 1;
				LastSwiftUpdateCheck = 1640;
				LastUpgradeCheck = 2600;
				TargetAttributes = {
					24C48D752E4E38B800C8AA8D = {
						CreatedOnToolsVersion = 16.4;
					};
					24C48D822E4E38BA00C8AA8D = {
						CreatedOnToolsVersion = 16.4;
						TestTargetID = 24C48D752E4E38B800C8AA8D;
					};
					24C48D8C2E4E38BA00C8AA8D = {
						CreatedOnToolsVersion = 16.4;
						TestTargetID = 24C48D752E4E38B800C8AA8D;
					};
				};
			};
			buildConfigurationList = 24C48D712E4E38B800C8AA8D /* Build configuration list for PBXProject "JellyMuse" */;
			developmentRegion = en;
			hasScannedForEncodings = 0;
			knownRegions = (
				en,
				Base,
			);
			mainGroup = 24C48D6D2E4E38B800C8AA8D;
			minimizedProjectReferenceProxies = 1;
			packageReferences = (
				249954D82E5859500027BDF8 /* XCRemoteSwiftPackageReference "SDWebImage" */,
				249954D92E5859610027BDF8 /* XCRemoteSwiftPackageReference "SDWebImageSwiftUI" */,
				249954DE2E5875860027BDF8 /* XCRemoteSwiftPackageReference "UIImageColors" */,
				24FC8BD82E7497E000E203CD /* XCRemoteSwiftPackageReference "FeedKit" */,
				24FC8BE82E74AF0C00E203CD /* XCRemoteSwiftPackageReference "YouTubePlayerKit" */,
			);
			preferredProjectObjectVersion = 77;
			productRefGroup = 24C48D772E4E38B800C8AA8D /* Products */;
			projectDirPath = "";
			projectRoot = "";
			targets = (
				24C48D752E4E38B800C8AA8D /* JellyMuse */,
				24C48D822E4E38BA00C8AA8D /* JellyMuseTests */,
				24C48D8C2E4E38BA00C8AA8D /* JellyMuseUITests */,
			);
		};
/* End PBXProject section */

/* Begin PBXResourcesBuildPhase section */
		24C48D742E4E38B800C8AA8D /* Resources */ = {
			isa = PBXResourcesBuildPhase;
			buildActionMask = 2147483647;
			files = (
			);
			runOnlyForDeploymentPostprocessing = 0;
		};
		24C48D812E4E38BA00C8AA8D /* Resources */ = {
			isa = PBXResourcesBuildPhase;
			buildActionMask = 2147483647;
			files = (
			);
			runOnlyForDeploymentPostprocessing = 0;
		};
		24C48D8B2E4E38BA00C8AA8D /* Resources */ = {
			isa = PBXResourcesBuildPhase;
			buildActionMask = 2147483647;
			files = (
			);
			runOnlyForDeploymentPostprocessing = 0;
		};
/* End PBXResourcesBuildPhase section */

/* Begin PBXSourcesBuildPhase section */
		24C48D722E4E38B800C8AA8D /* Sources */ = {
			isa = PBXSourcesBuildPhase;
			buildActionMask = 2147483647;
			files = (
				24D005EB2E4F38D700D7CE25 /* JellyfinMiniPlayer.entitlements in Sources */,
			);
			runOnlyForDeploymentPostprocessing = 0;
		};
		24C48D7F2E4E38BA00C8AA8D /* Sources */ = {
			isa = PBXSourcesBuildPhase;
			buildActionMask = 2147483647;
			files = (
			);
			runOnlyForDeploymentPostprocessing = 0;
		};
		24C48D892E4E38BA00C8AA8D /* Sources */ = {
			isa = PBXSourcesBuildPhase;
			buildActionMask = 2147483647;
			files = (
			);
			runOnlyForDeploymentPostprocessing = 0;
		};
/* End PBXSourcesBuildPhase section */

/* Begin PBXTargetDependency section */
		24C48D852E4E38BA00C8AA8D /* PBXTargetDependency */ = {
			isa = PBXTargetDependency;
			target = 24C48D752E4E38B800C8AA8D /* JellyMuse */;
			targetProxy = 24C48D842E4E38BA00C8AA8D /* PBXContainerItemProxy */;
		};
		24C48D8F2E4E38BA00C8AA8D /* PBXTargetDependency */ = {
			isa = PBXTargetDependency;
			target = 24C48D752E4E38B800C8AA8D /* JellyMuse */;
			targetProxy = 24C48D8E2E4E38BA00C8AA8D /* PBXContainerItemProxy */;
		};
/* End PBXTargetDependency section */

/* Begin XCBuildConfiguration section */
		24C48D952E4E38BB00C8AA8D /* Debug */ = {
			isa = XCBuildConfiguration;
			buildSettings = {
				ALWAYS_SEARCH_USER_PATHS = NO;
				ASSETCATALOG_COMPILER_GENERATE_SWIFT_ASSET_SYMBOL_EXTENSIONS = YES;
				CLANG_ANALYZER_NONNULL = YES;
				CLANG_ANALYZER_NUMBER_OBJECT_CONVERSION = YES_AGGRESSIVE;
				CLANG_CXX_LANGUAGE_STANDARD = "gnu++20";
				CLANG_ENABLE_MODULES = YES;
				CLANG_ENABLE_OBJC_ARC = YES;
				CLANG_ENABLE_OBJC_WEAK = YES;
				CLANG_WARN_BLOCK_CAPTURE_AUTORELEASING = YES;
				CLANG_WARN_BOOL_CONVERSION = YES;
				CLANG_WARN_COMMA = YES;
				CLANG_WARN_CONSTANT_CONVERSION = YES;
				CLANG_WARN_DEPRECATED_OBJC_IMPLEMENTATIONS = YES;
				CLANG_WARN_DIRECT_OBJC_ISA_USAGE = YES_ERROR;
				CLANG_WARN_DOCUMENTATION_COMMENTS = YES;
				CLANG_WARN_EMPTY_BODY = YES;
				CLANG_WARN_ENUM_CONVERSION = YES;
				CLANG_WARN_INFINITE_RECURSION = YES;
				CLANG_WARN_INT_CONVERSION = YES;
				CLANG_WARN_NON_LITERAL_NULL_CONVERSION = YES;
				CLANG_WARN_OBJC_IMPLICIT_RETAIN_SELF = YES;
				CLANG_WARN_OBJC_LITERAL_CONVERSION = YES;
				CLANG_WARN_OBJC_ROOT_CLASS = YES_ERROR;
				CLANG_WARN_QUOTED_INCLUDE_IN_FRAMEWORK_HEADER = YES;
				CLANG_WARN_RANGE_LOOP_ANALYSIS = YES;
				CLANG_WARN_STRICT_PROTOTYPES = YES;
				CLANG_WARN_SUSPICIOUS_MOVE = YES;
				CLANG_WARN_UNGUARDED_AVAILABILITY = YES_AGGRESSIVE;
				CLANG_WARN_UNREACHABLE_CODE = YES;
				CLANG_WARN__DUPLICATE_METHOD_MATCH = YES;
				COPY_PHASE_STRIP = NO;
				DEBUG_INFORMATION_FORMAT = dwarf;
				DEVELOPMENT_TEAM = QU82WVQ6Y2;
				ENABLE_STRICT_OBJC_MSGSEND = YES;
				ENABLE_TESTABILITY = YES;
				ENABLE_USER_SCRIPT_SANDBOXING = YES;
				GCC_C_LANGUAGE_STANDARD = gnu17;
				GCC_DYNAMIC_NO_PIC = NO;
				GCC_NO_COMMON_BLOCKS = YES;
				GCC_OPTIMIZATION_LEVEL = 0;
				GCC_PREPROCESSOR_DEFINITIONS = (
					"DEBUG=1",
					"$(inherited)",
				);
				GCC_WARN_64_TO_32_BIT_CONVERSION = YES;
				GCC_WARN_ABOUT_RETURN_TYPE = YES_ERROR;
				GCC_WARN_UNDECLARED_SELECTOR = YES;
				GCC_WARN_UNINITIALIZED_AUTOS = YES_AGGRESSIVE;
				GCC_WARN_UNUSED_FUNCTION = YES;
				GCC_WARN_UNUSED_VARIABLE = YES;
				IPHONEOS_DEPLOYMENT_TARGET = 18.5;
				LOCALIZATION_PREFERS_STRING_CATALOGS = YES;
				MTL_ENABLE_DEBUG_INFO = INCLUDE_SOURCE;
				MTL_FAST_MATH = YES;
				ONLY_ACTIVE_ARCH = YES;
				SDKROOT = iphoneos;
				STRING_CATALOG_GENERATE_SYMBOLS = YES;
				SWIFT_ACTIVE_COMPILATION_CONDITIONS = "DEBUG $(inherited)";
				SWIFT_OPTIMIZATION_LEVEL = "-Onone";
			};
			name = Debug;
		};
		24C48D962E4E38BB00C8AA8D /* Release */ = {
			isa = XCBuildConfiguration;
			buildSettings = {
				ALWAYS_SEARCH_USER_PATHS = NO;
				ASSETCATALOG_COMPILER_GENERATE_SWIFT_ASSET_SYMBOL_EXTENSIONS = YES;
				CLANG_ANALYZER_NONNULL = YES;
				CLANG_ANALYZER_NUMBER_OBJECT_CONVERSION = YES_AGGRESSIVE;
				CLANG_CXX_LANGUAGE_STANDARD = "gnu++20";
				CLANG_ENABLE_MODULES = YES;
				CLANG_ENABLE_OBJC_ARC = YES;
				CLANG_ENABLE_OBJC_WEAK = YES;
				CLANG_WARN_BLOCK_CAPTURE_AUTORELEASING = YES;
				CLANG_WARN_BOOL_CONVERSION = YES;
				CLANG_WARN_COMMA = YES;
				CLANG_WARN_CONSTANT_CONVERSION = YES;
				CLANG_WARN_DEPRECATED_OBJC_IMPLEMENTATIONS = YES;
				CLANG_WARN_DIRECT_OBJC_ISA_USAGE = YES_ERROR;
				CLANG_WARN_DOCUMENTATION_COMMENTS = YES;
				CLANG_WARN_EMPTY_BODY = YES;
				CLANG_WARN_ENUM_CONVERSION = YES;
				CLANG_WARN_INFINITE_RECURSION = YES;
				CLANG_WARN_INT_CONVERSION = YES;
				CLANG_WARN_NON_LITERAL_NULL_CONVERSION = YES;
				CLANG_WARN_OBJC_IMPLICIT_RETAIN_SELF = YES;
				CLANG_WARN_OBJC_LITERAL_CONVERSION = YES;
				CLANG_WARN_OBJC_ROOT_CLASS = YES_ERROR;
				CLANG_WARN_QUOTED_INCLUDE_IN_FRAMEWORK_HEADER = YES;
				CLANG_WARN_RANGE_LOOP_ANALYSIS = YES;
				CLANG_WARN_STRICT_PROTOTYPES = YES;
				CLANG_WARN_SUSPICIOUS_MOVE = YES;
				CLANG_WARN_UNGUARDED_AVAILABILITY = YES_AGGRESSIVE;
				CLANG_WARN_UNREACHABLE_CODE = YES;
				CLANG_WARN__DUPLICATE_METHOD_MATCH = YES;
				COPY_PHASE_STRIP = NO;
				DEBUG_INFORMATION_FORMAT = "dwarf-with-dsym";
				DEVELOPMENT_TEAM = QU82WVQ6Y2;
				ENABLE_NS_ASSERTIONS = NO;
				ENABLE_STRICT_OBJC_MSGSEND = YES;
				ENABLE_USER_SCRIPT_SANDBOXING = YES;
				GCC_C_LANGUAGE_STANDARD = gnu17;
				GCC_NO_COMMON_BLOCKS = YES;
				GCC_WARN_64_TO_32_BIT_CONVERSION = YES;
				GCC_WARN_ABOUT_RETURN_TYPE = YES_ERROR;
				GCC_WARN_UNDECLARED_SELECTOR = YES;
				GCC_WARN_UNINITIALIZED_AUTOS = YES_AGGRESSIVE;
				GCC_WARN_UNUSED_FUNCTION = YES;
				GCC_WARN_UNUSED_VARIABLE = YES;
				IPHONEOS_DEPLOYMENT_TARGET = 18.5;
				LOCALIZATION_PREFERS_STRING_CATALOGS = YES;
				MTL_ENABLE_DEBUG_INFO = NO;
				MTL_FAST_MATH = YES;
				SDKROOT = iphoneos;
				STRING_CATALOG_GENERATE_SYMBOLS = YES;
				SWIFT_COMPILATION_MODE = wholemodule;
				VALIDATE_PRODUCT = YES;
			};
			name = Release;
		};
		24C48D982E4E38BB00C8AA8D /* Debug */ = {
			isa = XCBuildConfiguration;
			buildSettings = {
				ASSETCATALOG_COMPILER_APPICON_NAME = AppIcon;
				ASSETCATALOG_COMPILER_GLOBAL_ACCENT_COLOR_NAME = AccentColor;
				CODE_SIGN_ENTITLEMENTS = JellyfinMiniPlayer/JellyfinMiniPlayer.entitlements;
				CODE_SIGN_STYLE = Automatic;
				CURRENT_PROJECT_VERSION = 1;
				DEVELOPMENT_TEAM = QU82WVQ6Y2;
				ENABLE_PREVIEWS = YES;
				GENERATE_INFOPLIST_FILE = YES;
				INFOPLIST_FILE = JellyfinMiniPlayer/Info.plist;
				INFOPLIST_KEY_CFBundleDisplayName = JellyMuse;
				INFOPLIST_KEY_LSApplicationCategoryType = "public.app-category.music";
				INFOPLIST_KEY_NSCameraUsageDescription = "This app needs camera access to scan QR codes and capture media.";
				INFOPLIST_KEY_NSLocalNetworkUsageDescription = "This app needs to connect to your local Jellyfin server to play music.";
				INFOPLIST_KEY_NSMicrophoneUsageDescription = "This app needs access to the microphone to play and record audio.";
				INFOPLIST_KEY_NSPhotoLibraryUsageDescription = "This app needs access to your photo library to select images.";
				INFOPLIST_KEY_UIApplicationSceneManifest_Generation = YES;
				INFOPLIST_KEY_UIApplicationSupportsIndirectInputEvents = YES;
				INFOPLIST_KEY_UILaunchScreen_Generation = YES;
				INFOPLIST_KEY_UILaunchStoryboardName = LaunchScreen;
				INFOPLIST_KEY_UIRequiredDeviceCapabilities = arm64;
				INFOPLIST_KEY_UIRequiresFullScreen = YES;
				INFOPLIST_KEY_UIStatusBarHidden = NO;
				INFOPLIST_KEY_UISupportedInterfaceOrientations = UIInterfaceOrientationPortrait;
				LD_RUNPATH_SEARCH_PATHS = (
					"$(inherited)",
					"@executable_path/Frameworks",
				);
				MARKETING_VERSION = 0.4.2;
				PRODUCT_BUNDLE_IDENTIFIER = as.JellyfinMiniPlayer;
				PRODUCT_NAME = "$(TARGET_NAME)";
				SUPPORTED_PLATFORMS = "iphoneos iphonesimulator";
				SUPPORTS_MACCATALYST = NO;
				SUPPORTS_MAC_DESIGNED_FOR_IPHONE_IPAD = NO;
				SUPPORTS_XR_DESIGNED_FOR_IPHONE_IPAD = NO;
				SWIFT_EMIT_LOC_STRINGS = YES;
				SWIFT_VERSION = 5.0;
				TARGETED_DEVICE_FAMILY = "1,2";
			};
			name = Debug;
		};
		24C48D992E4E38BB00C8AA8D /* Release */ = {
			isa = XCBuildConfiguration;
			buildSettings = {
				ASSETCATALOG_COMPILER_APPICON_NAME = AppIcon;
				ASSETCATALOG_COMPILER_GLOBAL_ACCENT_COLOR_NAME = AccentColor;
				CODE_SIGN_ENTITLEMENTS = JellyfinMiniPlayer/JellyfinMiniPlayer.entitlements;
				CODE_SIGN_STYLE = Automatic;
				CURRENT_PROJECT_VERSION = 1;
				DEVELOPMENT_TEAM = QU82WVQ6Y2;
				ENABLE_PREVIEWS = YES;
				GENERATE_INFOPLIST_FILE = YES;
				INFOPLIST_FILE = JellyfinMiniPlayer/Info.plist;
				INFOPLIST_KEY_CFBundleDisplayName = JellyMuse;
				INFOPLIST_KEY_LSApplicationCategoryType = "public.app-category.music";
				INFOPLIST_KEY_NSCameraUsageDescription = "This app needs camera access to scan QR codes and capture media.";
				INFOPLIST_KEY_NSLocalNetworkUsageDescription = "This app needs to connect to your local Jellyfin server to play music.";
				INFOPLIST_KEY_NSMicrophoneUsageDescription = "This app needs access to the microphone to play and record audio.";
				INFOPLIST_KEY_NSPhotoLibraryUsageDescription = "This app needs access to your photo library to select images.";
				INFOPLIST_KEY_UIApplicationSceneManifest_Generation = YES;
				INFOPLIST_KEY_UIApplicationSupportsIndirectInputEvents = YES;
				INFOPLIST_KEY_UILaunchScreen_Generation = YES;
				INFOPLIST_KEY_UILaunchStoryboardName = LaunchScreen;
				INFOPLIST_KEY_UIRequiredDeviceCapabilities = arm64;
				INFOPLIST_KEY_UIRequiresFullScreen = YES;
				INFOPLIST_KEY_UIStatusBarHidden = NO;
				INFOPLIST_KEY_UISupportedInterfaceOrientations = UIInterfaceOrientationPortrait;
				LD_RUNPATH_SEARCH_PATHS = (
					"$(inherited)",
					"@executable_path/Frameworks",
				);
				MARKETING_VERSION = 0.4.2;
				PRODUCT_BUNDLE_IDENTIFIER = as.JellyfinMiniPlayer;
				PRODUCT_NAME = "$(TARGET_NAME)";
				SUPPORTED_PLATFORMS = "iphoneos iphonesimulator";
				SUPPORTS_MACCATALYST = NO;
				SUPPORTS_MAC_DESIGNED_FOR_IPHONE_IPAD = NO;
				SUPPORTS_XR_DESIGNED_FOR_IPHONE_IPAD = NO;
				SWIFT_EMIT_LOC_STRINGS = YES;
				SWIFT_VERSION = 5.0;
				TARGETED_DEVICE_FAMILY = "1,2";
			};
			name = Release;
		};
		24C48D9B2E4E38BB00C8AA8D /* Debug */ = {
			isa = XCBuildConfiguration;
			buildSettings = {
				BUNDLE_LOADER = "$(TEST_HOST)";
				CODE_SIGN_STYLE = Automatic;
				CURRENT_PROJECT_VERSION = 1;
				DEVELOPMENT_TEAM = QU82WVQ6Y2;
				GENERATE_INFOPLIST_FILE = YES;
				IPHONEOS_DEPLOYMENT_TARGET = 18.5;
				MARKETING_VERSION = 1.0;
				PRODUCT_BUNDLE_IDENTIFIER = as.JellyfinMiniPlayerTests;
				PRODUCT_NAME = "$(TARGET_NAME)";
				SWIFT_EMIT_LOC_STRINGS = NO;
				SWIFT_VERSION = 5.0;
				TARGETED_DEVICE_FAMILY = "1,2";
				TEST_HOST = "$(BUILT_PRODUCTS_DIR)/JellyMuse.app/$(BUNDLE_EXECUTABLE_FOLDER_PATH)/JellyMuse";
			};
			name = Debug;
		};
		24C48D9C2E4E38BB00C8AA8D /* Release */ = {
			isa = XCBuildConfiguration;
			buildSettings = {
				BUNDLE_LOADER = "$(TEST_HOST)";
				CODE_SIGN_STYLE = Automatic;
				CURRENT_PROJECT_VERSION = 1;
				DEVELOPMENT_TEAM = QU82WVQ6Y2;
				GENERATE_INFOPLIST_FILE = YES;
				IPHONEOS_DEPLOYMENT_TARGET = 18.5;
				MARKETING_VERSION = 1.0;
				PRODUCT_BUNDLE_IDENTIFIER = as.JellyfinMiniPlayerTests;
				PRODUCT_NAME = "$(TARGET_NAME)";
				SWIFT_EMIT_LOC_STRINGS = NO;
				SWIFT_VERSION = 5.0;
				TARGETED_DEVICE_FAMILY = "1,2";
				TEST_HOST = "$(BUILT_PRODUCTS_DIR)/JellyMuse.app/$(BUNDLE_EXECUTABLE_FOLDER_PATH)/JellyMuse";
			};
			name = Release;
		};
		24C48D9E2E4E38BB00C8AA8D /* Debug */ = {
			isa = XCBuildConfiguration;
			buildSettings = {
				CODE_SIGN_STYLE = Automatic;
				CURRENT_PROJECT_VERSION = 1;
				DEVELOPMENT_TEAM = QU82WVQ6Y2;
				GENERATE_INFOPLIST_FILE = YES;
				MARKETING_VERSION = 1.0;
				PRODUCT_BUNDLE_IDENTIFIER = as.JellyfinMiniPlayerUITests;
				PRODUCT_NAME = "$(TARGET_NAME)";
				SWIFT_EMIT_LOC_STRINGS = NO;
				SWIFT_VERSION = 5.0;
				TARGETED_DEVICE_FAMILY = "1,2";
				TEST_TARGET_NAME = JellyfinMiniPlayer;
			};
			name = Debug;
		};
		24C48D9F2E4E38BB00C8AA8D /* Release */ = {
			isa = XCBuildConfiguration;
			buildSettings = {
				CODE_SIGN_STYLE = Automatic;
				CURRENT_PROJECT_VERSION = 1;
				DEVELOPMENT_TEAM = QU82WVQ6Y2;
				GENERATE_INFOPLIST_FILE = YES;
				MARKETING_VERSION = 1.0;
				PRODUCT_BUNDLE_IDENTIFIER = as.JellyfinMiniPlayerUITests;
				PRODUCT_NAME = "$(TARGET_NAME)";
				SWIFT_EMIT_LOC_STRINGS = NO;
				SWIFT_VERSION = 5.0;
				TARGETED_DEVICE_FAMILY = "1,2";
				TEST_TARGET_NAME = JellyfinMiniPlayer;
			};
			name = Release;
		};
/* End XCBuildConfiguration section */

/* Begin XCConfigurationList section */
		24C48D712E4E38B800C8AA8D /* Build configuration list for PBXProject "JellyMuse" */ = {
			isa = XCConfigurationList;
			buildConfigurations = (
				24C48D952E4E38BB00C8AA8D /* Debug */,
				24C48D962E4E38BB00C8AA8D /* Release */,
			);
			defaultConfigurationIsVisible = 0;
			defaultConfigurationName = Release;
		};
		24C48D972E4E38BB00C8AA8D /* Build configuration list for PBXNativeTarget "JellyMuse" */ = {
			isa = XCConfigurationList;
			buildConfigurations = (
				24C48D982E4E38BB00C8AA8D /* Debug */,
				24C48D992E4E38BB00C8AA8D /* Release */,
			);
			defaultConfigurationIsVisible = 0;
			defaultConfigurationName = Release;
		};
		24C48D9A2E4E38BB00C8AA8D /* Build configuration list for PBXNativeTarget "JellyMuseTests" */ = {
			isa = XCConfigurationList;
			buildConfigurations = (
				24C48D9B2E4E38BB00C8AA8D /* Debug */,
				24C48D9C2E4E38BB00C8AA8D /* Release */,
			);
			defaultConfigurationIsVisible = 0;
			defaultConfigurationName = Release;
		};
		24C48D9D2E4E38BB00C8AA8D /* Build configuration list for PBXNativeTarget "JellyMuseUITests" */ = {
			isa = XCConfigurationList;
			buildConfigurations = (
				24C48D9E2E4E38BB00C8AA8D /* Debug */,
				24C48D9F2E4E38BB00C8AA8D /* Release */,
			);
			defaultConfigurationIsVisible = 0;
			defaultConfigurationName = Release;
		};
/* End XCConfigurationList section */

/* Begin XCRemoteSwiftPackageReference section */
		249954D82E5859500027BDF8 /* XCRemoteSwiftPackageReference "SDWebImage" */ = {
			isa = XCRemoteSwiftPackageReference;
			repositoryURL = "https://github.com/SDWebImage/SDWebImage.git";
			requirement = {
				kind = upToNextMajorVersion;
				minimumVersion = 5.21.1;
			};
		};
		249954D92E5859610027BDF8 /* XCRemoteSwiftPackageReference "SDWebImageSwiftUI" */ = {
			isa = XCRemoteSwiftPackageReference;
			repositoryURL = "https://github.com/SDWebImage/SDWebImageSwiftUI.git";
			requirement = {
				kind = upToNextMajorVersion;
				minimumVersion = 3.1.3;
			};
		};
		249954DE2E5875860027BDF8 /* XCRemoteSwiftPackageReference "UIImageColors" */ = {
			isa = XCRemoteSwiftPackageReference;
			repositoryURL = "https://github.com/jathu/UIImageColors";
			requirement = {
				kind = upToNextMajorVersion;
				minimumVersion = 2.2.0;
			};
		};
		24FC8BD82E7497E000E203CD /* XCRemoteSwiftPackageReference "FeedKit" */ = {
			isa = XCRemoteSwiftPackageReference;
			repositoryURL = "https://github.com/nmdias/FeedKit";
			requirement = {
				kind = upToNextMajorVersion;
				minimumVersion = 10.1.3;
			};
		};
		24FC8BE82E74AF0C00E203CD /* XCRemoteSwiftPackageReference "YouTubePlayerKit" */ = {
			isa = XCRemoteSwiftPackageReference;
			repositoryURL = "https://github.com/SvenTiigi/YouTubePlayerKit.git";
			requirement = {
				kind = upToNextMajorVersion;
				minimumVersion = 2.0.2;
			};
		};
/* End XCRemoteSwiftPackageReference section */

/* Begin XCSwiftPackageProductDependency section */
		249954DA2E585A780027BDF8 /* SDWebImage */ = {
			isa = XCSwiftPackageProductDependency;
			package = 249954D82E5859500027BDF8 /* XCRemoteSwiftPackageReference "SDWebImage" */;
			productName = SDWebImage;
		};
		249954DC2E585A7A0027BDF8 /* SDWebImageSwiftUI */ = {
			isa = XCSwiftPackageProductDependency;
			package = 249954D92E5859610027BDF8 /* XCRemoteSwiftPackageReference "SDWebImageSwiftUI" */;
			productName = SDWebImageSwiftUI;
		};
		249954DF2E5875860027BDF8 /* UIImageColors */ = {
			isa = XCSwiftPackageProductDependency;
			package = 249954DE2E5875860027BDF8 /* XCRemoteSwiftPackageReference "UIImageColors" */;
			productName = UIImageColors;
		};
		24FC8BD92E7497E000E203CD /* FeedKit */ = {
			isa = XCSwiftPackageProductDependency;
			package = 24FC8BD82E7497E000E203CD /* XCRemoteSwiftPackageReference "FeedKit" */;
			productName = FeedKit;
		};
		24FC8BDB2E7497E000E203CD /* XMLKit */ = {
			isa = XCSwiftPackageProductDependency;
			package = 24FC8BD82E7497E000E203CD /* XCRemoteSwiftPackageReference "FeedKit" */;
			productName = XMLKit;
		};
		24FC8BE92E74AF0C00E203CD /* YouTubePlayerKit */ = {
			isa = XCSwiftPackageProductDependency;
			package = 24FC8BE82E74AF0C00E203CD /* XCRemoteSwiftPackageReference "YouTubePlayerKit" */;
			productName = YouTubePlayerKit;
		};
/* End XCSwiftPackageProductDependency section */
	};
	rootObject = 24C48D6E2E4E38B800C8AA8D /* Project object */;
}
